
Microsoft Visual Studio Solution File, Format Version 12.00
# Visual Studio Version 17
VisualStudioVersion = 17.8.34316.72
MinimumVisualStudioVersion = 10.0.40219.1
Project("{9A19103F-16F7-4668-BE54-9A1E7A4F7556}") = "CodeEditor2", "CodeEditor2\CodeEditor2.csproj", "{CD90236D-A9B2-407D-81D8-FBDDBF06EA0E}"
EndProject
Project("{9A19103F-16F7-4668-BE54-9A1E7A4F7556}") = "CodeEditor2.Desktop", "CodeEditor2.Desktop\CodeEditor2.Desktop.csproj", "{75BABFFE-5994-4BF8-B043-FA20D7234463}"
EndProject
Global
	GlobalSection(SolutionConfigurationPlatforms) = preSolution
		Debug|Any CPU = Debug|Any CPU
		Release|Any CPU = Release|Any CPU
	EndGlobalSection
	GlobalSection(ProjectConfigurationPlatforms) = postSolution
		{CD90236D-A9B2-407D-81D8-FBDDBF06EA0E}.Debug|Any CPU.ActiveCfg = Debug|Any CPU
		{CD90236D-A9B2-407D-81D8-FBDDBF06EA0E}.Debug|Any CPU.Build.0 = Debug|Any CPU
		{CD90236D-A9B2-407D-81D8-FBDDBF06EA0E}.Release|Any CPU.ActiveCfg = Release|Any CPU
		{CD90236D-A9B2-407D-81D8-FBDDBF06EA0E}.Release|Any CPU.Build.0 = Release|Any CPU
		{75BABFFE-5994-4BF8-B043-FA20D7234463}.Debug|Any CPU.ActiveCfg = Debug|Any CPU
		{75BABFFE-5994-4BF8-B043-FA20D7234463}.Debug|Any CPU.Build.0 = Debug|Any CPU
		{75BABFFE-5994-4BF8-B043-FA20D7234463}.Release|Any CPU.ActiveCfg = Release|Any CPU
		{75BABFFE-5994-4BF8-B043-FA20D7234463}.Release|Any CPU.Build.0 = Release|Any CPU
	EndGlobalSection
	GlobalSection(SolutionProperties) = preSolution
		HideSolutionNode = FALSE
	EndGlobalSection
	GlobalSection(ExtensibilityGlobals) = postSolution
		SolutionGuid = {4D1E3EE2-39D3-4721-AD23-D50F7F382ECC}
	EndGlobalSection
EndGlobal
